
Microsoft Visual Studio Solution File, Format Version 12.00
# Visual Studio 15
Project("{FAE04EC0-301F-11D3-BF4B-00C04F79EFBC}") = "SteamVR", "SteamVR.csproj", "{514330A7-F37A-DB88-7A89-CB1FA521BC04}"
EndProject
Project("{FAE04EC0-301F-11D3-BF4B-00C04F79EFBC}") = "SteamVR_Editor", "SteamVR_Editor.csproj", "{E115D5B5-77D8-762B-53FB-166EBAFD0CE0}"
EndProject
Project("{FAE04EC0-301F-11D3-BF4B-00C04F79EFBC}") = "SteamVR_Input_Editor", "SteamVR_Input_Editor.csproj", "{97C307D2-54AD-7309-B7AB-E46906903F51}"
EndProject
Project("{FAE04EC0-301F-11D3-BF4B-00C04F79EFBC}") = "SteamVR_Windows_EditorHelper", "SteamVR_Windows_EditorHelper.csproj", "{96018355-EFF9-AFB0-A3F9-F1F4F1A36025}"
EndProject
Project("{FAE04EC0-301F-11D3-BF4B-00C04F79EFBC}") = "Assembly-CSharp-Editor-firstpass", "Assembly-CSharp-Editor-firstpass.csproj", "{E5D026F8-12DB-3D98-8A0E-137564D1DF6B}"
EndProject
Global
	GlobalSection(SolutionConfigurationPlatforms) = preSolution
		Debug|Any CPU = Debug|Any CPU
		Release|Any CPU = Release|Any CPU
	EndGlobalSection
	GlobalSection(ProjectConfigurationPlatforms) = postSolution
		{514330A7-F37A-DB88-7A89-CB1FA521BC04}.Debug|Any CPU.ActiveCfg = Debug|Any CPU
		{514330A7-F37A-DB88-7A89-CB1FA521BC04}.Debug|Any CPU.Build.0 = Debug|Any CPU
		{514330A7-F37A-DB88-7A89-CB1FA521BC04}.Release|Any CPU.ActiveCfg = Release|Any CPU
		{514330A7-F37A-DB88-7A89-CB1FA521BC04}.Release|Any CPU.Build.0 = Release|Any CPU
		{E115D5B5-77D8-762B-53FB-166EBAFD0CE0}.Debug|Any CPU.ActiveCfg = Debug|Any CPU
		{E115D5B5-77D8-762B-53FB-166EBAFD0CE0}.Debug|Any CPU.Build.0 = Debug|Any CPU
		{E115D5B5-77D8-762B-53FB-166EBAFD0CE0}.Release|Any CPU.ActiveCfg = Release|Any CPU
		{E115D5B5-77D8-762B-53FB-166EBAFD0CE0}.Release|Any CPU.Build.0 = Release|Any CPU
		{97C307D2-54AD-7309-B7AB-E46906903F51}.Debug|Any CPU.ActiveCfg = Debug|Any CPU
		{97C307D2-54AD-7309-B7AB-E46906903F51}.Debug|Any CPU.Build.0 = Debug|Any CPU
		{97C307D2-54AD-7309-B7AB-E46906903F51}.Release|Any CPU.ActiveCfg = Release|Any CPU
		{97C307D2-54AD-7309-B7AB-E46906903F51}.Release|Any CPU.Build.0 = Release|Any CPU
		{96018355-EFF9-AFB0-A3F9-F1F4F1A36025}.Debug|Any CPU.ActiveCfg = Debug|Any CPU
		{96018355-EFF9-AFB0-A3F9-F1F4F1A36025}.Debug|Any CPU.Build.0 = Debug|Any CPU
		{96018355-EFF9-AFB0-A3F9-F1F4F1A36025}.Release|Any CPU.ActiveCfg = Release|Any CPU
		{96018355-EFF9-AFB0-A3F9-F1F4F1A36025}.Release|Any CPU.Build.0 = Release|Any CPU
		{E5D026F8-12DB-3D98-8A0E-137564D1DF6B}.Debug|Any CPU.ActiveCfg = Debug|Any CPU
		{E5D026F8-12DB-3D98-8A0E-137564D1DF6B}.Debug|Any CPU.Build.0 = Debug|Any CPU
		{E5D026F8-12DB-3D98-8A0E-137564D1DF6B}.Release|Any CPU.ActiveCfg = Release|Any CPU
		{E5D026F8-12DB-3D98-8A0E-137564D1DF6B}.Release|Any CPU.Build.0 = Release|Any CPU
	EndGlobalSection
	GlobalSection(SolutionProperties) = preSolution
		HideSolutionNode = FALSE
	EndGlobalSection
EndGlobal
